// !$*UTF8*$!
{
	archiveVersion = 1;
	classes = {
	};
	objectVersion = 50;
	objects = {

/* Begin PBXBuildFile section */
		7A14BE6E275082ED00B945FB /* AnswerRow_NEW.swift in Sources */ = {isa = PBXBuildFile; fileRef = 7A14BE6D275082ED00B945FB /* AnswerRow_NEW.swift */; };
		7A6B13FA2690361D00DC08BF /* AgreeOfAnythingApp.swift in Sources */ = {isa = PBXBuildFile; fileRef = 7A6B13F92690361D00DC08BF /* AgreeOfAnythingApp.swift */; };
		7A6B13FC2690361D00DC08BF /* ContentView.swift in Sources */ = {isa = PBXBuildFile; fileRef = 7A6B13FB2690361D00DC08BF /* ContentView.swift */; };
		7A6B13FE2690361F00DC08BF /* Assets.xcassets in Resources */ = {isa = PBXBuildFile; fileRef = 7A6B13FD2690361F00DC08BF /* Assets.xcassets */; };
		7A6B14012690361F00DC08BF /* Preview Assets.xcassets in Resources */ = {isa = PBXBuildFile; fileRef = 7A6B14002690361F00DC08BF /* Preview Assets.xcassets */; };
		7A6B140B26919DE600DC08BF /* Content.swift in Sources */ = {isa = PBXBuildFile; fileRef = 7A6B140A26919DE600DC08BF /* Content.swift */; };
		7A6B140F2691A0A400DC08BF /* ModelData.swift in Sources */ = {isa = PBXBuildFile; fileRef = 7A6B140E2691A0A400DC08BF /* ModelData.swift */; };
		7A6B14142691ADF700DC08BF /* ContentRow.swift in Sources */ = {isa = PBXBuildFile; fileRef = 7A6B14132691ADF700DC08BF /* ContentRow.swift */; };
		7AC0FF462696BE2700EF898F /* contentData.json in Resources */ = {isa = PBXBuildFile; fileRef = 7AC0FF452696BE2700EF898F /* contentData.json */; };
		7ACAC563269A0CA9001195DE /* ContentList.swift in Sources */ = {isa = PBXBuildFile; fileRef = 7ACAC562269A0CA9001195DE /* ContentList.swift */; };
		7AD779F92692A7B90063AD55 /* NaviggationList.swift in Sources */ = {isa = PBXBuildFile; fileRef = 7AD779F82692A7B90063AD55 /* NaviggationList.swift */; };
		7AD779FB2692B07F0063AD55 /* ContentDetail.swift in Sources */ = {isa = PBXBuildFile; fileRef = 7AD779FA2692B07F0063AD55 /* ContentDetail.swift */; };
		7AFA955C26C0E0DE00935BED /* AnswerRow.swift in Sources */ = {isa = PBXBuildFile; fileRef = 7AFA955B26C0E0DE00935BED /* AnswerRow.swift */; };
/* End PBXBuildFile section */

/* Begin PBXFileReference section */
		7A14BE6D275082ED00B945FB /* AnswerRow_NEW.swift */ = {isa = PBXFileReference; lastKnownFileType = sourcecode.swift; path = AnswerRow_NEW.swift; sourceTree = "<group>"; };
		7A6B13F62690361D00DC08BF /* AgreeOfAnything.app */ = {isa = PBXFileReference; explicitFileType = wrapper.application; includeInIndex = 0; path = AgreeOfAnything.app; sourceTree = BUILT_PRODUCTS_DIR; };
		7A6B13F92690361D00DC08BF /* AgreeOfAnythingApp.swift */ = {isa = PBXFileReference; lastKnownFileType = sourcecode.swift; path = AgreeOfAnythingApp.swift; sourceTree = "<group>"; };
		7A6B13FB2690361D00DC08BF /* ContentView.swift */ = {isa = PBXFileReference; lastKnownFileType = sourcecode.swift; path = ContentView.swift; sourceTree = "<group>"; };
		7A6B13FD2690361F00DC08BF /* Assets.xcassets */ = {isa = PBXFileReference; lastKnownFileType = folder.assetcatalog; path = Assets.xcassets; sourceTree = "<group>"; };
		7A6B14002690361F00DC08BF /* Preview Assets.xcassets */ = {isa = PBXFileReference; lastKnownFileType = folder.assetcatalog; path = "Preview Assets.xcassets"; sourceTree = "<group>"; };
		7A6B14022690361F00DC08BF /* Info.plist */ = {isa = PBXFileReference; lastKnownFileType = text.plist.xml; path = Info.plist; sourceTree = "<group>"; };
		7A6B140A26919DE600DC08BF /* Content.swift */ = {isa = PBXFileReference; lastKnownFileType = sourcecode.swift; path = Content.swift; sourceTree = "<group>"; };
		7A6B140E2691A0A400DC08BF /* ModelData.swift */ = {isa = PBXFileReference; lastKnownFileType = sourcecode.swift; path = ModelData.swift; sourceTree = "<group>"; };
		7A6B14132691ADF700DC08BF /* ContentRow.swift */ = {isa = PBXFileReference; lastKnownFileType = sourcecode.swift; path = ContentRow.swift; sourceTree = "<group>"; };
		7AC0FF452696BE2700EF898F /* contentData.json */ = {isa = PBXFileReference; fileEncoding = 4; lastKnownFileType = text.json; name = contentData.json; path = AgreeOfAnything/contentData.json; sourceTree = SOURCE_ROOT; };
		7ACAC562269A0CA9001195DE /* ContentList.swift */ = {isa = PBXFileReference; lastKnownFileType = sourcecode.swift; path = ContentList.swift; sourceTree = "<group>"; };
		7AD779F82692A7B90063AD55 /* NaviggationList.swift */ = {isa = PBXFileReference; lastKnownFileType = sourcecode.swift; path = NaviggationList.swift; sourceTree = "<group>"; };
		7AD779FA2692B07F0063AD55 /* ContentDetail.swift */ = {isa = PBXFileReference; lastKnownFileType = sourcecode.swift; path = ContentDetail.swift; sourceTree = "<group>"; };
		7AFA955B26C0E0DE00935BED /* AnswerRow.swift */ = {isa = PBXFileReference; lastKnownFileType = sourcecode.swift; path = AnswerRow.swift; sourceTree = "<group>"; };
/* End PBXFileReference section */

/* Begin PBXFrameworksBuildPhase section */
		7A6B13F32690361D00DC08BF /* Frameworks */ = {
			isa = PBXFrameworksBuildPhase;
			buildActionMask = 2147483647;
			files = (
			);
			runOnlyForDeploymentPostprocessing = 0;
		};
/* End PBXFrameworksBuildPhase section */

/* Begin PBXGroup section */
		7A6B13ED2690361D00DC08BF = {
			isa = PBXGroup;
			children = (
				7A6B13F82690361D00DC08BF /* AgreeOfAnything */,
				7A6B13F72690361D00DC08BF /* Products */,
			);
			sourceTree = "<group>";
		};
		7A6B13F72690361D00DC08BF /* Products */ = {
			isa = PBXGroup;
			children = (
				7A6B13F62690361D00DC08BF /* AgreeOfAnything.app */,
			);
			name = Products;
			sourceTree = "<group>";
		};
		7A6B13F82690361D00DC08BF /* AgreeOfAnything */ = {
			isa = PBXGroup;
			children = (
				7A6B14122691AD3200DC08BF /* Model */,
				7A6B13F92690361D00DC08BF /* AgreeOfAnythingApp.swift */,
				7A6B14152691AE0200DC08BF /* View */,
				7A6B13FD2690361F00DC08BF /* Assets.xcassets */,
				7AC0FF452696BE2700EF898F /* contentData.json */,
				7A6B14022690361F00DC08BF /* Info.plist */,
				7A6B13FF2690361F00DC08BF /* Preview Content */,
			);
			path = AgreeOfAnything;
			sourceTree = "<group>";
		};
		7A6B13FF2690361F00DC08BF /* Preview Content */ = {
			isa = PBXGroup;
			children = (
				7A6B14002690361F00DC08BF /* Preview Assets.xcassets */,
			);
			path = "Preview Content";
			sourceTree = "<group>";
		};
		7A6B14122691AD3200DC08BF /* Model */ = {
			isa = PBXGroup;
			children = (
				7A6B140A26919DE600DC08BF /* Content.swift */,
				7A6B140E2691A0A400DC08BF /* ModelData.swift */,
			);
			path = Model;
			sourceTree = "<group>";
		};
		7A6B14152691AE0200DC08BF /* View */ = {
			isa = PBXGroup;
			children = (
				7A6B14132691ADF700DC08BF /* ContentRow.swift */,
				7A6B13FB2690361D00DC08BF /* ContentView.swift */,
				7AD779F82692A7B90063AD55 /* NaviggationList.swift */,
				7ACAC562269A0CA9001195DE /* ContentList.swift */,
				7AD779FA2692B07F0063AD55 /* ContentDetail.swift */,
				7AFA955B26C0E0DE00935BED /* AnswerRow.swift */,
				7A14BE6D275082ED00B945FB /* AnswerRow_NEW.swift */,
			);
			path = View;
			sourceTree = "<group>";
		};
/* End PBXGroup section */

/* Begin PBXNativeTarget section */
		7A6B13F52690361D00DC08BF /* AgreeOfAnything */ = {
			isa = PBXNativeTarget;
			buildConfigurationList = 7A6B14052690361F00DC08BF /* Build configuration list for PBXNativeTarget "AgreeOfAnything" */;
			buildPhases = (
				7A6B13F22690361D00DC08BF /* Sources */,
				7A6B13F32690361D00DC08BF /* Frameworks */,
				7A6B13F42690361D00DC08BF /* Resources */,
			);
			buildRules = (
			);
			dependencies = (
			);
			name = AgreeOfAnything;
			productName = AgreeOfAnything;
			productReference = 7A6B13F62690361D00DC08BF /* AgreeOfAnything.app */;
			productType = "com.apple.product-type.application";
		};
/* End PBXNativeTarget section */

/* Begin PBXProject section */
		7A6B13EE2690361D00DC08BF /* Project object */ = {
			isa = PBXProject;
			attributes = {
				LastSwiftUpdateCheck = 1250;
				LastUpgradeCheck = 1250;
				TargetAttributes = {
					7A6B13F52690361D00DC08BF = {
						CreatedOnToolsVersion = 12.5.1;
					};
				};
			};
			buildConfigurationList = 7A6B13F12690361D00DC08BF /* Build configuration list for PBXProject "AgreeOfAnything" */;
			compatibilityVersion = "Xcode 9.3";
			developmentRegion = en;
			hasScannedForEncodings = 0;
			knownRegions = (
				en,
				Base,
			);
			mainGroup = 7A6B13ED2690361D00DC08BF;
			productRefGroup = 7A6B13F72690361D00DC08BF /* Products */;
			projectDirPath = "";
			projectRoot = "";
			targets = (
				7A6B13F52690361D00DC08BF /* AgreeOfAnything */,
			);
		};
/* End PBXProject section */

/* Begin PBXResourcesBuildPhase section */
		7A6B13F42690361D00DC08BF /* Resources */ = {
			isa = PBXResourcesBuildPhase;
			buildActionMask = 2147483647;
			files = (
				7A6B14012690361F00DC08BF /* Preview Assets.xcassets in Resources */,
				7AC0FF462696BE2700EF898F /* contentData.json in Resources */,
				7A6B13FE2690361F00DC08BF /* Assets.xcassets in Resources */,
			);
			runOnlyForDeploymentPostprocessing = 0;
		};
/* End PBXResourcesBuildPhase section */

/* Begin PBXSourcesBuildPhase section */
		7A6B13F22690361D00DC08BF /* Sources */ = {
			isa = PBXSourcesBuildPhase;
			buildActionMask = 2147483647;
			files = (
				7A6B13FC2690361D00DC08BF /* ContentView.swift in Sources */,
				7AFA955C26C0E0DE00935BED /* AnswerRow.swift in Sources */,
				7AD779FB2692B07F0063AD55 /* ContentDetail.swift in Sources */,
				7A14BE6E275082ED00B945FB /* AnswerRow_NEW.swift in Sources */,
				7A6B140F2691A0A400DC08BF /* ModelData.swift in Sources */,
				7ACAC563269A0CA9001195DE /* ContentList.swift in Sources */,
				7A6B13FA2690361D00DC08BF /* AgreeOfAnythingApp.swift in Sources */,
				7AD779F92692A7B90063AD55 /* NaviggationList.swift in Sources */,
				7A6B14142691ADF700DC08BF /* ContentRow.swift in Sources */,
				7A6B140B26919DE600DC08BF /* Content.swift in Sources */,
			);
			runOnlyForDeploymentPostprocessing = 0;
		};
/* End PBXSourcesBuildPhase section */

/* Begin XCBuildConfiguration section */
		7A6B14032690361F00DC08BF /* Debug */ = {
			isa = XCBuildConfiguration;
			buildSettings = {
				ALWAYS_SEARCH_USER_PATHS = NO;
				CLANG_ANALYZER_NONNULL = YES;
				CLANG_ANALYZER_NUMBER_OBJECT_CONVERSION = YES_AGGRESSIVE;
				CLANG_CXX_LANGUAGE_STANDARD = "gnu++14";
				CLANG_CXX_LIBRARY = "libc++";
				CLANG_ENABLE_MODULES = YES;
				CLANG_ENABLE_OBJC_ARC = YES;
				CLANG_ENABLE_OBJC_WEAK = YES;
				CLANG_WARN_BLOCK_CAPTURE_AUTORELEASING = YES;
				CLANG_WARN_BOOL_CONVERSION = YES;
				CLANG_WARN_COMMA = YES;
				CLANG_WARN_CONSTANT_CONVERSION = YES;
				CLANG_WARN_DEPRECATED_OBJC_IMPLEMENTATIONS = YES;
				CLANG_WARN_DIRECT_OBJC_ISA_USAGE = YES_ERROR;
				CLANG_WARN_DOCUMENTATION_COMMENTS = YES;
				CLANG_WARN_EMPTY_BODY = YES;
				CLANG_WARN_ENUM_CONVERSION = YES;
				CLANG_WARN_INFINITE_RECURSION = YES;
				CLANG_WARN_INT_CONVERSION = YES;
				CLANG_WARN_NON_LITERAL_NULL_CONVERSION = YES;
				CLANG_WARN_OBJC_IMPLICIT_RETAIN_SELF = YES;
				CLANG_WARN_OBJC_LITERAL_CONVERSION = YES;
				CLANG_WARN_OBJC_ROOT_CLASS = YES_ERROR;
				CLANG_WARN_QUOTED_INCLUDE_IN_FRAMEWORK_HEADER = YES;
				CLANG_WARN_RANGE_LOOP_ANALYSIS = YES;
				CLANG_WARN_STRICT_PROTOTYPES = YES;
				CLANG_WARN_SUSPICIOUS_MOVE = YES;
				CLANG_WARN_UNGUARDED_AVAILABILITY = YES_AGGRESSIVE;
				CLANG_WARN_UNREACHABLE_CODE = YES;
				CLANG_WARN__DUPLICATE_METHOD_MATCH = YES;
				COPY_PHASE_STRIP = NO;
				DEBUG_INFORMATION_FORMAT = dwarf;
				ENABLE_STRICT_OBJC_MSGSEND = YES;
				ENABLE_TESTABILITY = YES;
				GCC_C_LANGUAGE_STANDARD = gnu11;
				GCC_DYNAMIC_NO_PIC = NO;
				GCC_NO_COMMON_BLOCKS = YES;
				GCC_OPTIMIZATION_LEVEL = 0;
				GCC_PREPROCESSOR_DEFINITIONS = (
					"DEBUG=1",
					"$(inherited)",
				);
				GCC_WARN_64_TO_32_BIT_CONVERSION = YES;
				GCC_WARN_ABOUT_RETURN_TYPE = YES_ERROR;
				GCC_WARN_UNDECLARED_SELECTOR = YES;
				GCC_WARN_UNINITIALIZED_AUTOS = YES_AGGRESSIVE;
				GCC_WARN_UNUSED_FUNCTION = YES;
				GCC_WARN_UNUSED_VARIABLE = YES;
				IPHONEOS_DEPLOYMENT_TARGET = 14.5;
				MTL_ENABLE_DEBUG_INFO = INCLUDE_SOURCE;
				MTL_FAST_MATH = YES;
				ONLY_ACTIVE_ARCH = YES;
				SDKROOT = iphoneos;
				SWIFT_ACTIVE_COMPILATION_CONDITIONS = DEBUG;
				SWIFT_OPTIMIZATION_LEVEL = "-Onone";
			};
			name = Debug;
		};
		7A6B14042690361F00DC08BF /* Release */ = {
			isa = XCBuildConfiguration;
			buildSettings = {
				ALWAYS_SEARCH_USER_PATHS = NO;
				CLANG_ANALYZER_NONNULL = YES;
				CLANG_ANALYZER_NUMBER_OBJECT_CONVERSION = YES_AGGRESSIVE;
				CLANG_CXX_LANGUAGE_STANDARD = "gnu++14";
				CLANG_CXX_LIBRARY = "libc++";
				CLANG_ENABLE_MODULES = YES;
				CLANG_ENABLE_OBJC_ARC = YES;
				CLANG_ENABLE_OBJC_WEAK = YES;
				CLANG_WARN_BLOCK_CAPTURE_AUTORELEASING = YES;
				CLANG_WARN_BOOL_CONVERSION = YES;
				CLANG_WARN_COMMA = YES;
				CLANG_WARN_CONSTANT_CONVERSION = YES;
				CLANG_WARN_DEPRECATED_OBJC_IMPLEMENTATIONS = YES;
				CLANG_WARN_DIRECT_OBJC_ISA_USAGE = YES_ERROR;
				CLANG_WARN_DOCUMENTATION_COMMENTS = YES;
				CLANG_WARN_EMPTY_BODY = YES;
				CLANG_WARN_ENUM_CONVERSION = YES;
				CLANG_WARN_INFINITE_RECURSION = YES;
				CLANG_WARN_INT_CONVERSION = YES;
				CLANG_WARN_NON_LITERAL_NULL_CONVERSION = YES;
				CLANG_WARN_OBJC_IMPLICIT_RETAIN_SELF = YES;
				CLANG_WARN_OBJC_LITERAL_CONVERSION = YES;
				CLANG_WARN_OBJC_ROOT_CLASS = YES_ERROR;
				CLANG_WARN_QUOTED_INCLUDE_IN_FRAMEWORK_HEADER = YES;
				CLANG_WARN_RANGE_LOOP_ANALYSIS = YES;
				CLANG_WARN_STRICT_PROTOTYPES = YES;
				CLANG_WARN_SUSPICIOUS_MOVE = YES;
				CLANG_WARN_UNGUARDED_AVAILABILITY = YES_AGGRESSIVE;
				CLANG_WARN_UNREACHABLE_CODE = YES;
				CLANG_WARN__DUPLICATE_METHOD_MATCH = YES;
				COPY_PHASE_STRIP = NO;
				DEBUG_INFORMATION_FORMAT = "dwarf-with-dsym";
				ENABLE_NS_ASSERTIONS = NO;
				ENABLE_STRICT_OBJC_MSGSEND = YES;
				GCC_C_LANGUAGE_STANDARD = gnu11;
				GCC_NO_COMMON_BLOCKS = YES;
				GCC_WARN_64_TO_32_BIT_CONVERSION = YES;
				GCC_WARN_ABOUT_RETURN_TYPE = YES_ERROR;
				GCC_WARN_UNDECLARED_SELECTOR = YES;
				GCC_WARN_UNINITIALIZED_AUTOS = YES_AGGRESSIVE;
				GCC_WARN_UNUSED_FUNCTION = YES;
				GCC_WARN_UNUSED_VARIABLE = YES;
				IPHONEOS_DEPLOYMENT_TARGET = 14.5;
				MTL_ENABLE_DEBUG_INFO = NO;
				MTL_FAST_MATH = YES;
				SDKROOT = iphoneos;
				SWIFT_COMPILATION_MODE = wholemodule;
				SWIFT_OPTIMIZATION_LEVEL = "-O";
				VALIDATE_PRODUCT = YES;
			};
			name = Release;
		};
		7A6B14062690361F00DC08BF /* Debug */ = {
			isa = XCBuildConfiguration;
			buildSettings = {
				ASSETCATALOG_COMPILER_APPICON_NAME = AppIcon;
				ASSETCATALOG_COMPILER_GLOBAL_ACCENT_COLOR_NAME = AccentColor;
				CODE_SIGN_STYLE = Automatic;
				DEVELOPMENT_ASSET_PATHS = "\"AgreeOfAnything/Preview Content\"";
				DEVELOPMENT_TEAM = VH2AUR76WB;
				ENABLE_PREVIEWS = YES;
				INFOPLIST_FILE = AgreeOfAnything/Info.plist;
				IPHONEOS_DEPLOYMENT_TARGET = 14.0;
				LD_RUNPATH_SEARCH_PATHS = (
					"$(inherited)",
					"@executable_path/Frameworks",
				);
				PRODUCT_BUNDLE_IDENTIFIER = ru.ninjapay.AgreeOfAnything;
				PRODUCT_NAME = "$(TARGET_NAME)";
				SWIFT_VERSION = 5.0;
				TARGETED_DEVICE_FAMILY = "1,2";
			};
			name = Debug;
		};
		7A6B14072690361F00DC08BF /* Release */ = {
			isa = XCBuildConfiguration;
			buildSettings = {
				ASSETCATALOG_COMPILER_APPICON_NAME = AppIcon;
				ASSETCATALOG_COMPILER_GLOBAL_ACCENT_COLOR_NAME = AccentColor;
				CODE_SIGN_STYLE = Automatic;
				DEVELOPMENT_ASSET_PATHS = "\"AgreeOfAnything/Preview Content\"";
				DEVELOPMENT_TEAM = VH2AUR76WB;
				ENABLE_PREVIEWS = YES;
				INFOPLIST_FILE = AgreeOfAnything/Info.plist;
				IPHONEOS_DEPLOYMENT_TARGET = 14.0;
				LD_RUNPATH_SEARCH_PATHS = (
					"$(inherited)",
					"@executable_path/Frameworks",
				);
				PRODUCT_BUNDLE_IDENTIFIER = ru.ninjapay.AgreeOfAnything;
				PRODUCT_NAME = "$(TARGET_NAME)";
				SWIFT_VERSION = 5.0;
				TARGETED_DEVICE_FAMILY = "1,2";
			};
			name = Release;
		};
/* End XCBuildConfiguration section */

/* Begin XCConfigurationList section */
		7A6B13F12690361D00DC08BF /* Build configuration list for PBXProject "AgreeOfAnything" */ = {
			isa = XCConfigurationList;
			buildConfigurations = (
				7A6B14032690361F00DC08BF /* Debug */,
				7A6B14042690361F00DC08BF /* Release */,
			);
			defaultConfigurationIsVisible = 0;
			defaultConfigurationName = Release;
		};
		7A6B14052690361F00DC08BF /* Build configuration list for PBXNativeTarget "AgreeOfAnything" */ = {
			isa = XCConfigurationList;
			buildConfigurations = (
				7A6B14062690361F00DC08BF /* Debug */,
				7A6B14072690361F00DC08BF /* Release */,
			);
			defaultConfigurationIsVisible = 0;
			defaultConfigurationName = Release;
		};
/* End XCConfigurationList section */
	};
	rootObject = 7A6B13EE2690361D00DC08BF /* Project object */;
}
